// !$*UTF8*$!
{
	archiveVersion = 1;
	classes = {
	};
	objectVersion = 46;
	objects = {

/* Begin PBXBuildFile section */
		3E8FAC1219E8804E006571B7 /* AppDelegate.swift in Sources */ = {isa = PBXBuildFile; fileRef = 3E8FAC1119E8804E006571B7 /* AppDelegate.swift */; };
		3E8FAC1419E8804E006571B7 /* ViewController.swift in Sources */ = {isa = PBXBuildFile; fileRef = 3E8FAC1319E8804E006571B7 /* ViewController.swift */; };
		3E8FAC1719E8804E006571B7 /* Main.storyboard in Resources */ = {isa = PBXBuildFile; fileRef = 3E8FAC1519E8804E006571B7 /* Main.storyboard */; };
		3E8FAC1919E8804E006571B7 /* Images.xcassets in Resources */ = {isa = PBXBuildFile; fileRef = 3E8FAC1819E8804E006571B7 /* Images.xcassets */; };
		3E8FAC1C19E8804E006571B7 /* LaunchScreen.xib in Resources */ = {isa = PBXBuildFile; fileRef = 3E8FAC1A19E8804E006571B7 /* LaunchScreen.xib */; };
		3E8FAC2819E8804E006571B7 /* Leetcode_SwiftTests.swift in Sources */ = {isa = PBXBuildFile; fileRef = 3E8FAC2719E8804E006571B7 /* Leetcode_SwiftTests.swift */; };
		3E8FAC3319E8806F006571B7 /* StringExtension.swift in Sources */ = {isa = PBXBuildFile; fileRef = 3E8FAC3219E8806F006571B7 /* StringExtension.swift */; };
		3E8FAC3519E88080006571B7 /* Palindrome.swift in Sources */ = {isa = PBXBuildFile; fileRef = 3E8FAC3419E88080006571B7 /* Palindrome.swift */; };
/* End PBXBuildFile section */

/* Begin PBXContainerItemProxy section */
		3E8FAC2219E8804E006571B7 /* PBXContainerItemProxy */ = {
			isa = PBXContainerItemProxy;
			containerPortal = 3E8FAC0419E8804E006571B7 /* Project object */;
			proxyType = 1;
			remoteGlobalIDString = 3E8FAC0B19E8804E006571B7;
			remoteInfo = "Leetcode-Swift";
		};
/* End PBXContainerItemProxy section */

/* Begin PBXFileReference section */
		3E8FAC0C19E8804E006571B7 /* Leetcode-Swift.app */ = {isa = PBXFileReference; explicitFileType = wrapper.application; includeInIndex = 0; path = "Leetcode-Swift.app"; sourceTree = BUILT_PRODUCTS_DIR; };
		3E8FAC1019E8804E006571B7 /* Info.plist */ = {isa = PBXFileReference; lastKnownFileType = text.plist.xml; path = Info.plist; sourceTree = "<group>"; };
		3E8FAC1119E8804E006571B7 /* AppDelegate.swift */ = {isa = PBXFileReference; lastKnownFileType = sourcecode.swift; path = AppDelegate.swift; sourceTree = "<group>"; };
		3E8FAC1319E8804E006571B7 /* ViewController.swift */ = {isa = PBXFileReference; lastKnownFileType = sourcecode.swift; path = ViewController.swift; sourceTree = "<group>"; };
		3E8FAC1619E8804E006571B7 /* Base */ = {isa = PBXFileReference; lastKnownFileType = file.storyboard; name = Base; path = Base.lproj/Main.storyboard; sourceTree = "<group>"; };
		3E8FAC1819E8804E006571B7 /* Images.xcassets */ = {isa = PBXFileReference; lastKnownFileType = folder.assetcatalog; path = Images.xcassets; sourceTree = "<group>"; };
		3E8FAC1B19E8804E006571B7 /* Base */ = {isa = PBXFileReference; lastKnownFileType = file.xib; name = Base; path = Base.lproj/LaunchScreen.xib; sourceTree = "<group>"; };
		3E8FAC2119E8804E006571B7 /* Leetcode-SwiftTests.xctest */ = {isa = PBXFileReference; explicitFileType = wrapper.cfbundle; includeInIndex = 0; path = "Leetcode-SwiftTests.xctest"; sourceTree = BUILT_PRODUCTS_DIR; };
		3E8FAC2619E8804E006571B7 /* Info.plist */ = {isa = PBXFileReference; lastKnownFileType = text.plist.xml; path = Info.plist; sourceTree = "<group>"; };
		3E8FAC2719E8804E006571B7 /* Leetcode_SwiftTests.swift */ = {isa = PBXFileReference; lastKnownFileType = sourcecode.swift; path = Leetcode_SwiftTests.swift; sourceTree = "<group>"; };
		3E8FAC3219E8806F006571B7 /* StringExtension.swift */ = {isa = PBXFileReference; fileEncoding = 4; lastKnownFileType = sourcecode.swift; path = StringExtension.swift; sourceTree = "<group>"; };
		3E8FAC3419E88080006571B7 /* Palindrome.swift */ = {isa = PBXFileReference; fileEncoding = 4; lastKnownFileType = sourcecode.swift; path = Palindrome.swift; sourceTree = "<group>"; };
/* End PBXFileReference section */

/* Begin PBXFrameworksBuildPhase section */
		3E8FAC0919E8804E006571B7 /* Frameworks */ = {
			isa = PBXFrameworksBuildPhase;
			buildActionMask = 2147483647;
			files = (
			);
			runOnlyForDeploymentPostprocessing = 0;
		};
		3E8FAC1E19E8804E006571B7 /* Frameworks */ = {
			isa = PBXFrameworksBuildPhase;
			buildActionMask = 2147483647;
			files = (
			);
			runOnlyForDeploymentPostprocessing = 0;
		};
/* End PBXFrameworksBuildPhase section */

/* Begin PBXGroup section */
		3E8FAC0319E8804E006571B7 = {
			isa = PBXGroup;
			children = (
				3E8FAC0E19E8804E006571B7 /* Leetcode-Swift */,
				3E8FAC2419E8804E006571B7 /* Leetcode-SwiftTests */,
				3E8FAC0D19E8804E006571B7 /* Products */,
			);
			sourceTree = "<group>";
		};
		3E8FAC0D19E8804E006571B7 /* Products */ = {
			isa = PBXGroup;
			children = (
				3E8FAC0C19E8804E006571B7 /* Leetcode-Swift.app */,
				3E8FAC2119E8804E006571B7 /* Leetcode-SwiftTests.xctest */,
			);
			name = Products;
			sourceTree = "<group>";
		};
		3E8FAC0E19E8804E006571B7 /* Leetcode-Swift */ = {
			isa = PBXGroup;
			children = (
				3E8FAC3419E88080006571B7 /* Palindrome.swift */,
				3E8FAC3119E8806F006571B7 /* extensions */,
				3E8FAC1119E8804E006571B7 /* AppDelegate.swift */,
				3E8FAC1319E8804E006571B7 /* ViewController.swift */,
				3E8FAC1519E8804E006571B7 /* Main.storyboard */,
				3E8FAC1819E8804E006571B7 /* Images.xcassets */,
				3E8FAC1A19E8804E006571B7 /* LaunchScreen.xib */,
				3E8FAC0F19E8804E006571B7 /* Supporting Files */,
			);
			path = "Leetcode-Swift";
			sourceTree = "<group>";
		};
		3E8FAC0F19E8804E006571B7 /* Supporting Files */ = {
			isa = PBXGroup;
			children = (
				3E8FAC1019E8804E006571B7 /* Info.plist */,
			);
			name = "Supporting Files";
			sourceTree = "<group>";
		};
		3E8FAC2419E8804E006571B7 /* Leetcode-SwiftTests */ = {
			isa = PBXGroup;
			children = (
				3E8FAC2719E8804E006571B7 /* Leetcode_SwiftTests.swift */,
				3E8FAC2519E8804E006571B7 /* Supporting Files */,
			);
			path = "Leetcode-SwiftTests";
			sourceTree = "<group>";
		};
		3E8FAC2519E8804E006571B7 /* Supporting Files */ = {
			isa = PBXGroup;
			children = (
				3E8FAC2619E8804E006571B7 /* Info.plist */,
			);
			name = "Supporting Files";
			sourceTree = "<group>";
		};
		3E8FAC3119E8806F006571B7 /* extensions */ = {
			isa = PBXGroup;
			children = (
				3E8FAC3219E8806F006571B7 /* StringExtension.swift */,
			);
			path = extensions;
			sourceTree = "<group>";
		};
/* End PBXGroup section */

/* Begin PBXNativeTarget section */
		3E8FAC0B19E8804E006571B7 /* Leetcode-Swift */ = {
			isa = PBXNativeTarget;
			buildConfigurationList = 3E8FAC2B19E8804E006571B7 /* Build configuration list for PBXNativeTarget "Leetcode-Swift" */;
			buildPhases = (
				3E8FAC0819E8804E006571B7 /* Sources */,
				3E8FAC0919E8804E006571B7 /* Frameworks */,
				3E8FAC0A19E8804E006571B7 /* Resources */,
			);
			buildRules = (
			);
			dependencies = (
			);
			name = "Leetcode-Swift";
			productName = "Leetcode-Swift";
			productReference = 3E8FAC0C19E8804E006571B7 /* Leetcode-Swift.app */;
			productType = "com.apple.product-type.application";
		};
		3E8FAC2019E8804E006571B7 /* Leetcode-SwiftTests */ = {
			isa = PBXNativeTarget;
			buildConfigurationList = 3E8FAC2E19E8804E006571B7 /* Build configuration list for PBXNativeTarget "Leetcode-SwiftTests" */;
			buildPhases = (
				3E8FAC1D19E8804E006571B7 /* Sources */,
				3E8FAC1E19E8804E006571B7 /* Frameworks */,
				3E8FAC1F19E8804E006571B7 /* Resources */,
			);
			buildRules = (
			);
			dependencies = (
				3E8FAC2319E8804E006571B7 /* PBXTargetDependency */,
			);
			name = "Leetcode-SwiftTests";
			productName = "Leetcode-SwiftTests";
			productReference = 3E8FAC2119E8804E006571B7 /* Leetcode-SwiftTests.xctest */;
			productType = "com.apple.product-type.bundle.unit-test";
		};
/* End PBXNativeTarget section */

/* Begin PBXProject section */
		3E8FAC0419E8804E006571B7 /* Project object */ = {
			isa = PBXProject;
			attributes = {
				LastUpgradeCheck = 0600;
				ORGANIZATIONNAME = "Ce Yang Studio";
				TargetAttributes = {
					3E8FAC0B19E8804E006571B7 = {
						CreatedOnToolsVersion = 6.0.1;
					};
					3E8FAC2019E8804E006571B7 = {
						CreatedOnToolsVersion = 6.0.1;
						TestTargetID = 3E8FAC0B19E8804E006571B7;
					};
				};
			};
			buildConfigurationList = 3E8FAC0719E8804E006571B7 /* Build configuration list for PBXProject "Leetcode-Swift" */;
			compatibilityVersion = "Xcode 3.2";
			developmentRegion = English;
			hasScannedForEncodings = 0;
			knownRegions = (
				en,
				Base,
			);
			mainGroup = 3E8FAC0319E8804E006571B7;
			productRefGroup = 3E8FAC0D19E8804E006571B7 /* Products */;
			projectDirPath = "";
			projectRoot = "";
			targets = (
				3E8FAC0B19E8804E006571B7 /* Leetcode-Swift */,
				3E8FAC2019E8804E006571B7 /* Leetcode-SwiftTests */,
			);
		};
/* End PBXProject section */

/* Begin PBXResourcesBuildPhase section */
		3E8FAC0A19E8804E006571B7 /* Resources */ = {
			isa = PBXResourcesBuildPhase;
			buildActionMask = 2147483647;
			files = (
				3E8FAC1719E8804E006571B7 /* Main.storyboard in Resources */,
				3E8FAC1C19E8804E006571B7 /* LaunchScreen.xib in Resources */,
				3E8FAC1919E8804E006571B7 /* Images.xcassets in Resources */,
			);
			runOnlyForDeploymentPostprocessing = 0;
		};
		3E8FAC1F19E8804E006571B7 /* Resources */ = {
			isa = PBXResourcesBuildPhase;
			buildActionMask = 2147483647;
			files = (
			);
			runOnlyForDeploymentPostprocessing = 0;
		};
/* End PBXResourcesBuildPhase section */

/* Begin PBXSourcesBuildPhase section */
		3E8FAC0819E8804E006571B7 /* Sources */ = {
			isa = PBXSourcesBuildPhase;
			buildActionMask = 2147483647;
			files = (
				3E8FAC1419E8804E006571B7 /* ViewController.swift in Sources */,
				3E8FAC1219E8804E006571B7 /* AppDelegate.swift in Sources */,
				3E8FAC3519E88080006571B7 /* Palindrome.swift in Sources */,
				3E8FAC3319E8806F006571B7 /* StringExtension.swift in Sources */,
			);
			runOnlyForDeploymentPostprocessing = 0;
		};
		3E8FAC1D19E8804E006571B7 /* Sources */ = {
			isa = PBXSourcesBuildPhase;
			buildActionMask = 2147483647;
			files = (
				3E8FAC2819E8804E006571B7 /* Leetcode_SwiftTests.swift in Sources */,
			);
			runOnlyForDeploymentPostprocessing = 0;
		};
/* End PBXSourcesBuildPhase section */

/* Begin PBXTargetDependency section */
		3E8FAC2319E8804E006571B7 /* PBXTargetDependency */ = {
			isa = PBXTargetDependency;
			target = 3E8FAC0B19E8804E006571B7 /* Leetcode-Swift */;
			targetProxy = 3E8FAC2219E8804E006571B7 /* PBXContainerItemProxy */;
		};
/* End PBXTargetDependency section */

/* Begin PBXVariantGroup section */
		3E8FAC1519E8804E006571B7 /* Main.storyboard */ = {
			isa = PBXVariantGroup;
			children = (
				3E8FAC1619E8804E006571B7 /* Base */,
			);
			name = Main.storyboard;
			sourceTree = "<group>";
		};
		3E8FAC1A19E8804E006571B7 /* LaunchScreen.xib */ = {
			isa = PBXVariantGroup;
			children = (
				3E8FAC1B19E8804E006571B7 /* Base */,
			);
			name = LaunchScreen.xib;
			sourceTree = "<group>";
		};
/* End PBXVariantGroup section */

/* Begin XCBuildConfiguration section */
		3E8FAC2919E8804E006571B7 /* Debug */ = {
			isa = XCBuildConfiguration;
			buildSettings = {
				ALWAYS_SEARCH_USER_PATHS = NO;
				CLANG_CXX_LANGUAGE_STANDARD = "gnu++0x";
				CLANG_CXX_LIBRARY = "libc++";
				CLANG_ENABLE_MODULES = YES;
				CLANG_ENABLE_OBJC_ARC = YES;
				CLANG_WARN_BOOL_CONVERSION = YES;
				CLANG_WARN_CONSTANT_CONVERSION = YES;
				CLANG_WARN_DIRECT_OBJC_ISA_USAGE = YES_ERROR;
				CLANG_WARN_EMPTY_BODY = YES;
				CLANG_WARN_ENUM_CONVERSION = YES;
				CLANG_WARN_INT_CONVERSION = YES;
				CLANG_WARN_OBJC_ROOT_CLASS = YES_ERROR;
				CLANG_WARN_UNREACHABLE_CODE = YES;
				CLANG_WARN__DUPLICATE_METHOD_MATCH = YES;
				"CODE_SIGN_IDENTITY[sdk=iphoneos*]" = "iPhone Developer";
				COPY_PHASE_STRIP = NO;
				ENABLE_STRICT_OBJC_MSGSEND = YES;
				GCC_C_LANGUAGE_STANDARD = gnu99;
				GCC_DYNAMIC_NO_PIC = NO;
				GCC_OPTIMIZATION_LEVEL = 0;
				GCC_PREPROCESSOR_DEFINITIONS = (
					"DEBUG=1",
					"$(inherited)",
				);
				GCC_SYMBOLS_PRIVATE_EXTERN = NO;
				GCC_WARN_64_TO_32_BIT_CONVERSION = YES;
				GCC_WARN_ABOUT_RETURN_TYPE = YES_ERROR;
				GCC_WARN_UNDECLARED_SELECTOR = YES;
				GCC_WARN_UNINITIALIZED_AUTOS = YES_AGGRESSIVE;
				GCC_WARN_UNUSED_FUNCTION = YES;
				GCC_WARN_UNUSED_VARIABLE = YES;
				IPHONEOS_DEPLOYMENT_TARGET = 8.0;
				MTL_ENABLE_DEBUG_INFO = YES;
				ONLY_ACTIVE_ARCH = YES;
				SDKROOT = iphoneos;
				SWIFT_OPTIMIZATION_LEVEL = "-Onone";
				TARGETED_DEVICE_FAMILY = "1,2";
			};
			name = Debug;
		};
		3E8FAC2A19E8804E006571B7 /* Release */ = {
			isa = XCBuildConfiguration;
			buildSettings = {
				ALWAYS_SEARCH_USER_PATHS = NO;
				CLANG_CXX_LANGUAGE_STANDARD = "gnu++0x";
				CLANG_CXX_LIBRARY = "libc++";
				CLANG_ENABLE_MODULES = YES;
				CLANG_ENABLE_OBJC_ARC = YES;
				CLANG_WARN_BOOL_CONVERSION = YES;
				CLANG_WARN_CONSTANT_CONVERSION = YES;
				CLANG_WARN_DIRECT_OBJC_ISA_USAGE = YES_ERROR;
				CLANG_WARN_EMPTY_BODY = YES;
				CLANG_WARN_ENUM_CONVERSION = YES;
				CLANG_WARN_INT_CONVERSION = YES;
				CLANG_WARN_OBJC_ROOT_CLASS = YES_ERROR;
				CLANG_WARN_UNREACHABLE_CODE = YES;
				CLANG_WARN__DUPLICATE_METHOD_MATCH = YES;
				"CODE_SIGN_IDENTITY[sdk=iphoneos*]" = "iPhone Developer";
				COPY_PHASE_STRIP = YES;
				ENABLE_NS_ASSERTIONS = NO;
				ENABLE_STRICT_OBJC_MSGSEND = YES;
				GCC_C_LANGUAGE_STANDARD = gnu99;
				GCC_WARN_64_TO_32_BIT_CONVERSION = YES;
				GCC_WARN_ABOUT_RETURN_TYPE = YES_ERROR;
				GCC_WARN_UNDECLARED_SELECTOR = YES;
				GCC_WARN_UNINITIALIZED_AUTOS = YES_AGGRESSIVE;
				GCC_WARN_UNUSED_FUNCTION = YES;
				GCC_WARN_UNUSED_VARIABLE = YES;
				IPHONEOS_DEPLOYMENT_TARGET = 8.0;
				MTL_ENABLE_DEBUG_INFO = NO;
				SDKROOT = iphoneos;
				TARGETED_DEVICE_FAMILY = "1,2";
				VALIDATE_PRODUCT = YES;
			};
			name = Release;
		};
		3E8FAC2C19E8804E006571B7 /* Debug */ = {
			isa = XCBuildConfiguration;
			buildSettings = {
				ASSETCATALOG_COMPILER_APPICON_NAME = AppIcon;
				INFOPLIST_FILE = "Leetcode-Swift/Info.plist";
				LD_RUNPATH_SEARCH_PATHS = "$(inherited) @executable_path/Frameworks";
				PRODUCT_NAME = "$(TARGET_NAME)";
			};
			name = Debug;
		};
		3E8FAC2D19E8804E006571B7 /* Release */ = {
			isa = XCBuildConfiguration;
			buildSettings = {
				ASSETCATALOG_COMPILER_APPICON_NAME = AppIcon;
				INFOPLIST_FILE = "Leetcode-Swift/Info.plist";
				LD_RUNPATH_SEARCH_PATHS = "$(inherited) @executable_path/Frameworks";
				PRODUCT_NAME = "$(TARGET_NAME)";
			};
			name = Release;
		};
		3E8FAC2F19E8804E006571B7 /* Debug */ = {
			isa = XCBuildConfiguration;
			buildSettings = {
				BUNDLE_LOADER = "$(TEST_HOST)";
				FRAMEWORK_SEARCH_PATHS = (
					"$(SDKROOT)/Developer/Library/Frameworks",
					"$(inherited)",
				);
				GCC_PREPROCESSOR_DEFINITIONS = (
					"DEBUG=1",
					"$(inherited)",
				);
				INFOPLIST_FILE = "Leetcode-SwiftTests/Info.plist";
				LD_RUNPATH_SEARCH_PATHS = "$(inherited) @executable_path/Frameworks @loader_path/Frameworks";
				PRODUCT_NAME = "$(TARGET_NAME)";
				TEST_HOST = "$(BUILT_PRODUCTS_DIR)/Leetcode-Swift.app/Leetcode-Swift";
			};
			name = Debug;
		};
		3E8FAC3019E8804E006571B7 /* Release */ = {
			isa = XCBuildConfiguration;
			buildSettings = {
				BUNDLE_LOADER = "$(TEST_HOST)";
				FRAMEWORK_SEARCH_PATHS = (
					"$(SDKROOT)/Developer/Library/Frameworks",
					"$(inherited)",
				);
				INFOPLIST_FILE = "Leetcode-SwiftTests/Info.plist";
				LD_RUNPATH_SEARCH_PATHS = "$(inherited) @executable_path/Frameworks @loader_path/Frameworks";
				PRODUCT_NAME = "$(TARGET_NAME)";
				TEST_HOST = "$(BUILT_PRODUCTS_DIR)/Leetcode-Swift.app/Leetcode-Swift";
			};
			name = Release;
		};
/* End XCBuildConfiguration section */

/* Begin XCConfigurationList section */
		3E8FAC0719E8804E006571B7 /* Build configuration list for PBXProject "Leetcode-Swift" */ = {
			isa = XCConfigurationList;
			buildConfigurations = (
				3E8FAC2919E8804E006571B7 /* Debug */,
				3E8FAC2A19E8804E006571B7 /* Release */,
			);
			defaultConfigurationIsVisible = 0;
			defaultConfigurationName = Release;
		};
		3E8FAC2B19E8804E006571B7 /* Build configuration list for PBXNativeTarget "Leetcode-Swift" */ = {
			isa = XCConfigurationList;
			buildConfigurations = (
				3E8FAC2C19E8804E006571B7 /* Debug */,
				3E8FAC2D19E8804E006571B7 /* Release */,
			);
			defaultConfigurationIsVisible = 0;
		};
		3E8FAC2E19E8804E006571B7 /* Build configuration list for PBXNativeTarget "Leetcode-SwiftTests" */ = {
			isa = XCConfigurationList;
			buildConfigurations = (
				3E8FAC2F19E8804E006571B7 /* Debug */,
				3E8FAC3019E8804E006571B7 /* Release */,
			);
			defaultConfigurationIsVisible = 0;
		};
/* End XCConfigurationList section */
	};
	rootObject = 3E8FAC0419E8804E006571B7 /* Project object */;
}
